
Microsoft Visual Studio Solution File, Format Version 12.00
# Visual Studio Version 17
VisualStudioVersion = 17.0.31903.59
MinimumVisualStudioVersion = 10.0.40219.1
Project("{2150E333-8FDC-42A3-9474-1A3956D46DE8}") = "src", "src", "{BDCED1ED-1249-48BE-9813-073A2751B132}"
EndProject
Project("{FAE04EC0-301F-11D3-BF4B-00C04F79EFBC}") = "Gravity.Api", "src\Gravity.Api\Gravity.Api.csproj", "{E0023B9C-51FD-4F90-BC30-2500A5438C66}"
EndProject
Global
	GlobalSection(SolutionConfigurationPlatforms) = preSolution
		Debug|Any CPU = Debug|Any CPU
		Release|Any CPU = Release|Any CPU
	EndGlobalSection
	GlobalSection(SolutionProperties) = preSolution
		HideSolutionNode = FALSE
	EndGlobalSection
	GlobalSection(ProjectConfigurationPlatforms) = postSolution
		{E0023B9C-51FD-4F90-BC30-2500A5438C66}.Debug|Any CPU.ActiveCfg = Debug|Any CPU
		{E0023B9C-51FD-4F90-BC30-2500A5438C66}.Debug|Any CPU.Build.0 = Debug|Any CPU
		{E0023B9C-51FD-4F90-BC30-2500A5438C66}.Release|Any CPU.ActiveCfg = Release|Any CPU
		{E0023B9C-51FD-4F90-BC30-2500A5438C66}.Release|Any CPU.Build.0 = Release|Any CPU
	EndGlobalSection
	GlobalSection(NestedProjects) = preSolution
		{E0023B9C-51FD-4F90-BC30-2500A5438C66} = {BDCED1ED-1249-48BE-9813-073A2751B132}
	EndGlobalSection
EndGlobal
